# This file is automatically @generated by Poetry 1.5.1 and should not be changed by hand.

[[package]]
name = "annotated-types"
version = "0.5.0"
description = "Reusable constraint types to use with typing.Annotated"
optional = false
python-versions = ">=3.7"
files = [
    {file = "annotated_types-0.5.0-py3-none-any.whl", hash = "sha256:58da39888f92c276ad970249761ebea80ba544b77acddaa1a4d6cf78287d45fd"},
    {file = "annotated_types-0.5.0.tar.gz", hash = "sha256:47cdc3490d9ac1506ce92c7aaa76c579dc3509ff11e098fc867e5130ab7be802"},
]

[[package]]
name = "numpy"
version = "1.25.1"
description = "Fundamental package for array computing in Python"
optional = false
python-versions = ">=3.9"
files = [
    {file = "numpy-1.25.1-cp310-cp310-macosx_10_9_x86_64.whl", hash = "sha256:77d339465dff3eb33c701430bcb9c325b60354698340229e1dff97745e6b3efa"},
    {file = "numpy-1.25.1-cp310-cp310-macosx_11_0_arm64.whl", hash = "sha256:d736b75c3f2cb96843a5c7f8d8ccc414768d34b0a75f466c05f3a739b406f10b"},
    {file = "numpy-1.25.1-cp310-cp310-manylinux_2_17_aarch64.manylinux2014_aarch64.whl", hash = "sha256:4a90725800caeaa160732d6b31f3f843ebd45d6b5f3eec9e8cc287e30f2805bf"},
    {file = "numpy-1.25.1-cp310-cp310-manylinux_2_17_x86_64.manylinux2014_x86_64.whl", hash = "sha256:6c6c9261d21e617c6dc5eacba35cb68ec36bb72adcff0dee63f8fbc899362588"},
    {file = "numpy-1.25.1-cp310-cp310-musllinux_1_1_x86_64.whl", hash = "sha256:0def91f8af6ec4bb94c370e38c575855bf1d0be8a8fbfba42ef9c073faf2cf19"},
    {file = "numpy-1.25.1-cp310-cp310-win32.whl", hash = "sha256:fd67b306320dcadea700a8f79b9e671e607f8696e98ec255915c0c6d6b818503"},
    {file = "numpy-1.25.1-cp310-cp310-win_amd64.whl", hash = "sha256:c1516db588987450b85595586605742879e50dcce923e8973f79529651545b57"},
    {file = "numpy-1.25.1-cp311-cp311-macosx_10_9_x86_64.whl", hash = "sha256:6b82655dd8efeea69dbf85d00fca40013d7f503212bc5259056244961268b66e"},
    {file = "numpy-1.25.1-cp311-cp311-macosx_11_0_arm64.whl", hash = "sha256:e8f6049c4878cb16960fbbfb22105e49d13d752d4d8371b55110941fb3b17800"},
    {file = "numpy-1.25.1-cp311-cp311-manylinux_2_17_aarch64.manylinux2014_aarch64.whl", hash = "sha256:41a56b70e8139884eccb2f733c2f7378af06c82304959e174f8e7370af112e09"},
    {file = "numpy-1.25.1-cp311-cp311-manylinux_2_17_x86_64.manylinux2014_x86_64.whl", hash = "sha256:d5154b1a25ec796b1aee12ac1b22f414f94752c5f94832f14d8d6c9ac40bcca6"},
    {file = "numpy-1.25.1-cp311-cp311-musllinux_1_1_x86_64.whl", hash = "sha256:38eb6548bb91c421261b4805dc44def9ca1a6eef6444ce35ad1669c0f1a3fc5d"},
    {file = "numpy-1.25.1-cp311-cp311-win32.whl", hash = "sha256:791f409064d0a69dd20579345d852c59822c6aa087f23b07b1b4e28ff5880fcb"},
    {file = "numpy-1.25.1-cp311-cp311-win_amd64.whl", hash = "sha256:c40571fe966393b212689aa17e32ed905924120737194b5d5c1b20b9ed0fb171"},
    {file = "numpy-1.25.1-cp39-cp39-macosx_10_9_x86_64.whl", hash = "sha256:3d7abcdd85aea3e6cdddb59af2350c7ab1ed764397f8eec97a038ad244d2d105"},
    {file = "numpy-1.25.1-cp39-cp39-macosx_11_0_arm64.whl", hash = "sha256:1a180429394f81c7933634ae49b37b472d343cccb5bb0c4a575ac8bbc433722f"},
    {file = "numpy-1.25.1-cp39-cp39-manylinux_2_17_aarch64.manylinux2014_aarch64.whl", hash = "sha256:d412c1697c3853c6fc3cb9751b4915859c7afe6a277c2bf00acf287d56c4e625"},
    {file = "numpy-1.25.1-cp39-cp39-manylinux_2_17_x86_64.manylinux2014_x86_64.whl", hash = "sha256:20e1266411120a4f16fad8efa8e0454d21d00b8c7cee5b5ccad7565d95eb42dd"},
    {file = "numpy-1.25.1-cp39-cp39-musllinux_1_1_x86_64.whl", hash = "sha256:f76aebc3358ade9eacf9bc2bb8ae589863a4f911611694103af05346637df1b7"},
    {file = "numpy-1.25.1-cp39-cp39-win32.whl", hash = "sha256:247d3ffdd7775bdf191f848be8d49100495114c82c2bd134e8d5d075fb386a1c"},
    {file = "numpy-1.25.1-cp39-cp39-win_amd64.whl", hash = "sha256:1d5d3c68e443c90b38fdf8ef40e60e2538a27548b39b12b73132456847f4b631"},
    {file = "numpy-1.25.1-pp39-pypy39_pp73-macosx_10_9_x86_64.whl", hash = "sha256:35a9527c977b924042170a0887de727cd84ff179e478481404c5dc66b4170009"},
    {file = "numpy-1.25.1-pp39-pypy39_pp73-manylinux_2_17_x86_64.manylinux2014_x86_64.whl", hash = "sha256:0d3fe3dd0506a28493d82dc3cf254be8cd0d26f4008a417385cbf1ae95b54004"},
    {file = "numpy-1.25.1-pp39-pypy39_pp73-win_amd64.whl", hash = "sha256:012097b5b0d00a11070e8f2e261128c44157a8689f7dedcf35576e525893f4fe"},
    {file = "numpy-1.25.1.tar.gz", hash = "sha256:9a3a9f3a61480cc086117b426a8bd86869c213fc4072e606f01c4e4b66eb92bf"},
]

[[package]]
name = "pydantic"
version = "2.0.2"
description = "Data validation using Python type hints"
optional = false
python-versions = ">=3.7"
files = [
    {file = "pydantic-2.0.2-py3-none-any.whl", hash = "sha256:f5581e0c79b2ec2fa25a9d30d766629811cdda022107fa73d022ab5578873ae3"},
    {file = "pydantic-2.0.2.tar.gz", hash = "sha256:b802f5245b8576315fe619e5989fd083448fa1258638ef9dac301ca60878396d"},
]

[package.dependencies]
annotated-types = ">=0.4.0"
pydantic-core = "2.1.2"
typing-extensions = ">=4.6.1"

[package.extras]
email = ["email-validator (>=2.0.0)"]

[[package]]
name = "pydantic-core"
version = "2.1.2"
description = ""
optional = false
python-versions = ">=3.7"
files = [
    {file = "pydantic_core-2.1.2-cp310-cp310-macosx_10_7_x86_64.whl", hash = "sha256:b4815720c266e832b20e27a7a5f3772bb09fdedb31a9a34bab7b49d98967ef5a"},
    {file = "pydantic_core-2.1.2-cp310-cp310-macosx_11_0_arm64.whl", hash = "sha256:8884a1dbfc5cb8c54b48446ca916d4577c1f4d901126091e4ab25d00194e065f"},
    {file = "pydantic_core-2.1.2-cp310-cp310-manylinux_2_17_aarch64.manylinux2014_aarch64.whl", hash = "sha256:74a33aa69d476773230396396afb8e11908f8dafdcfd422e746770599a3f889d"},
    {file = "pydantic_core-2.1.2-cp310-cp310-manylinux_2_17_x86_64.manylinux2014_x86_64.whl", hash = "sha256:af832edd384755826e494ffdcf1fdda86e4babc42a0b18d342943fb18181040e"},
    {file = "pydantic_core-2.1.2-cp310-cp310-manylinux_2_24_armv7l.whl", hash = "sha256:017700236ea2e7afbef5d3803559c80bd8720306778ebd49268de7ce9972e83e"},
    {file = "pydantic_core-2.1.2-cp310-cp310-manylinux_2_24_ppc64le.whl", hash = "sha256:c2d00a96fdf26295c6f25eaf9e4a233f353146a73713cd97a5f5dc6090c3aef2"},
    {file = "pydantic_core-2.1.2-cp310-cp310-manylinux_2_24_s390x.whl", hash = "sha256:2575664f0a559a7b951a518f6f34c23cab7190f34f8220b8c8218c4f403147ee"},
    {file = "pydantic_core-2.1.2-cp310-cp310-manylinux_2_5_i686.manylinux1_i686.whl", hash = "sha256:24c3c9180a2d19d640bacc2d00f497a9a1f2abadb2a9ee201b56bb03bc5343bd"},
    {file = "pydantic_core-2.1.2-cp310-cp310-musllinux_1_1_aarch64.whl", hash = "sha256:88a56f0f6d020b4d17641f4b4d1f9540a536d4146768d059c430e97bdb485fc1"},
    {file = "pydantic_core-2.1.2-cp310-cp310-musllinux_1_1_x86_64.whl", hash = "sha256:fa38a76e832743866aed6b715869757074b06357d1a260163ec26d84974245fe"},
    {file = "pydantic_core-2.1.2-cp310-none-win32.whl", hash = "sha256:a772c652603855d7180015849d483a1f539351a263bb9b81bfe85193a33ce124"},
    {file = "pydantic_core-2.1.2-cp310-none-win_amd64.whl", hash = "sha256:b4673d1f29487608d613ebcc5caa99ba15eb58450a7449fb6d800f29d90bebc1"},
    {file = "pydantic_core-2.1.2-cp311-cp311-macosx_10_7_x86_64.whl", hash = "sha256:76c9c55462740d728b344e3a087775846516c3fee31ec56e2075faa7cfcafcbf"},
    {file = "pydantic_core-2.1.2-cp311-cp311-macosx_11_0_arm64.whl", hash = "sha256:cb854ec52e6e2e05b83d647695f4d913452fdd45a3dfa8233d7dab5967b3908f"},
    {file = "pydantic_core-2.1.2-cp311-cp311-manylinux_2_17_aarch64.manylinux2014_aarch64.whl", hash = "sha256:4ac140d54da366672f6b91f9a1e8e2d4e7e72720143353501ae886d3fca03272"},
    {file = "pydantic_core-2.1.2-cp311-cp311-manylinux_2_17_x86_64.manylinux2014_x86_64.whl", hash = "sha256:818f5cb1b209ab1295087c45717178f4bbbd2bd7eda421f7a119e7b9b736a3cb"},
    {file = "pydantic_core-2.1.2-cp311-cp311-manylinux_2_24_armv7l.whl", hash = "sha256:db4564aea8b3cb6cf1e5f3fd80f1ced73a255d492396d1bd8abd688795b34d63"},
    {file = "pydantic_core-2.1.2-cp311-cp311-manylinux_2_24_ppc64le.whl", hash = "sha256:2ca2d2d5ab65fb40dd05259965006edcc62a9d9b30102737c0a6f45bcbd254e8"},
    {file = "pydantic_core-2.1.2-cp311-cp311-manylinux_2_24_s390x.whl", hash = "sha256:7c7ad8958aadfbcd664078002246796ecd5566b64b22f6af4fd1bbcec6bf8f60"},
    {file = "pydantic_core-2.1.2-cp311-cp311-manylinux_2_5_i686.manylinux1_i686.whl", hash = "sha256:080a7af828388284a68ad7d3d3eac3bcfff6a580292849aff087e7d556ec42d4"},
    {file = "pydantic_core-2.1.2-cp311-cp311-musllinux_1_1_aarch64.whl", hash = "sha256:bad7029fb2251c1ac7d3acdd607e540d40d137a7d43a5e5acdcfdbd38db3fc0a"},
    {file = "pydantic_core-2.1.2-cp311-cp311-musllinux_1_1_x86_64.whl", hash = "sha256:1635a37137fafbc6ee0a8c879857e05b30b1aabaa927e653872b71f1501b1502"},
    {file = "pydantic_core-2.1.2-cp311-none-win32.whl", hash = "sha256:eb4301f009a44bb5db5edfe4e51a8175a4112b566baec07f4af8b1f8cb4649a2"},
    {file = "pydantic_core-2.1.2-cp311-none-win_amd64.whl", hash = "sha256:ebf583f4d9b52abd15cc59e5f6eeca7e3e9741c6ea62d8711c00ac3acb067875"},
    {file = "pydantic_core-2.1.2-cp312-cp312-macosx_10_7_x86_64.whl", hash = "sha256:90b06bb47e60173d24c7cb79670aa8dd6081797290353b9d3c66d3a23e88eb34"},
    {file = "pydantic_core-2.1.2-cp312-cp312-macosx_11_0_arm64.whl", hash = "sha256:0e5761ce986ec709897b1b965fad9743f301500434bea3cbab2b6e662571580f"},
    {file = "pydantic_core-2.1.2-cp312-cp312-manylinux_2_17_aarch64.manylinux2014_aarch64.whl", hash = "sha256:9b9f8bf1d7008a58fbb6eb334dc6e2f2905400cced8dadb46c4ca28f005a8562"},
    {file = "pydantic_core-2.1.2-cp312-cp312-manylinux_2_17_x86_64.manylinux2014_x86_64.whl", hash = "sha256:5a014ee88980013d192a718cbb88e8cea20acd3afad69bc6d15672d05a49cdb6"},
    {file = "pydantic_core-2.1.2-cp312-cp312-manylinux_2_24_armv7l.whl", hash = "sha256:8125152b03dd91deca5afe5b933a1994b39405adf6be2fe8dce3632319283f85"},
    {file = "pydantic_core-2.1.2-cp312-cp312-manylinux_2_24_ppc64le.whl", hash = "sha256:dc737506b4a0ba2922a2626fc6d620ce50a46aebd0fe2fbcad1b93bbdd8c7e78"},
    {file = "pydantic_core-2.1.2-cp312-cp312-manylinux_2_24_s390x.whl", hash = "sha256:bb471ea8650796060afc99909d9b75da583d317e52f660faf64c45f70b3bf1e2"},
    {file = "pydantic_core-2.1.2-cp312-cp312-manylinux_2_5_i686.manylinux1_i686.whl", hash = "sha256:b1fad38db1744d27061df516e59c5025b09b0a50a337c04e6eebdbddc18951bc"},
    {file = "pydantic_core-2.1.2-cp312-cp312-musllinux_1_1_aarch64.whl", hash = "sha256:94d368af9e6563de6e7170a74710a2cbace7a1e9c8e507d9e3ac34c7065d7ae3"},
    {file = "pydantic_core-2.1.2-cp312-cp312-musllinux_1_1_x86_64.whl", hash = "sha256:bd95d223de5162811a7b36c73d48eac4fee03b075132f3a1b73c132ce157a60c"},
    {file = "pydantic_core-2.1.2-cp312-none-win32.whl", hash = "sha256:cd62f73830d4715bc643ae39de0bd4fb9c81d6d743530074da91e77a2cccfe67"},
    {file = "pydantic_core-2.1.2-cp312-none-win_amd64.whl", hash = "sha256:51968887d6bd1eaa7fc7759701ea8ccb470c04654beaa8ede6835b0533f206a9"},
    {file = "pydantic_core-2.1.2-cp37-cp37m-macosx_10_7_x86_64.whl", hash = "sha256:7ff6bfe63f447a509ed4d368a7f4ba6a7abc03bc4744fc3fb30f2ffab73f3821"},
    {file = "pydantic_core-2.1.2-cp37-cp37m-macosx_11_0_arm64.whl", hash = "sha256:4e67f9b9dfda2e42b39459cbf99d319ccb90da151e35cead3521975b2afbf673"},
    {file = "pydantic_core-2.1.2-cp37-cp37m-manylinux_2_17_aarch64.manylinux2014_aarch64.whl", hash = "sha256:b815a769b019dd96be6571096f246b74f63330547e9b30244c51b4a2eb0277fc"},
    {file = "pydantic_core-2.1.2-cp37-cp37m-manylinux_2_17_x86_64.manylinux2014_x86_64.whl", hash = "sha256:4aff436c23c68449601b3fba7075b4f37ef8fbb893c8c1ed3ef898f090332b1e"},
    {file = "pydantic_core-2.1.2-cp37-cp37m-manylinux_2_24_armv7l.whl", hash = "sha256:2ee3ae58f271851362f6c9b33e4c9f9e866557ec7d8c03dc091e9b5aa5566cec"},
    {file = "pydantic_core-2.1.2-cp37-cp37m-manylinux_2_24_ppc64le.whl", hash = "sha256:cf92dccca8f66e987f6c4378700447f82b79e86407912ab1ee06b16b82f05120"},
    {file = "pydantic_core-2.1.2-cp37-cp37m-manylinux_2_24_s390x.whl", hash = "sha256:4663293a36a851a860b1299c50837914269fca127434911297dd39fea9667a01"},
    {file = "pydantic_core-2.1.2-cp37-cp37m-manylinux_2_5_i686.manylinux1_i686.whl", hash = "sha256:1c917f7a41d9d09b8b024a5d65cf37e5588ccdb6e610d2df565fb7186b1f3b1c"},
    {file = "pydantic_core-2.1.2-cp37-cp37m-musllinux_1_1_aarch64.whl", hash = "sha256:06ae67547251135a1b3f8dd465797b13146295a3866bc12ddd73f7512787bb7c"},
    {file = "pydantic_core-2.1.2-cp37-cp37m-musllinux_1_1_x86_64.whl", hash = "sha256:4938b32c09dbcecbeb652327cb4a449b1ef1a1bf6c8fc2c8241aa6b8f6d63b54"},
    {file = "pydantic_core-2.1.2-cp37-none-win32.whl", hash = "sha256:682ff9228c838018c47dfa89b3d84cca45f88cacde28807ab8296ec221862af4"},
    {file = "pydantic_core-2.1.2-cp37-none-win_amd64.whl", hash = "sha256:6e3bcb4a9bc209a61ea2aceb7433ce2ece32c7e670b0c06848bf870c9b3e7d87"},
    {file = "pydantic_core-2.1.2-cp38-cp38-macosx_10_7_x86_64.whl", hash = "sha256:2278ca0b0dfbcfb1e12fa58570916dc260dc72bee5e6e342debf5329d8204688"},
    {file = "pydantic_core-2.1.2-cp38-cp38-macosx_11_0_arm64.whl", hash = "sha256:87cff210af3258ca0c829e3ebc849d7981bfde23a99d6cb7a3c17a163b3dbad2"},
    {file = "pydantic_core-2.1.2-cp38-cp38-manylinux_2_17_aarch64.manylinux2014_aarch64.whl", hash = "sha256:7684b5fb906b37e940c5df3f57118f32e033af5e4770e5ae2ae56fbd2fe1a30a"},
    {file = "pydantic_core-2.1.2-cp38-cp38-manylinux_2_17_x86_64.manylinux2014_x86_64.whl", hash = "sha256:3747a4178139ebf3f19541285b2eb7c886890ca4eb7eec851578c02a13cc1385"},
    {file = "pydantic_core-2.1.2-cp38-cp38-manylinux_2_24_armv7l.whl", hash = "sha256:e17056390068afd4583d88dcf4d4495764e4e2c7d756464468e0d21abcb8931e"},
    {file = "pydantic_core-2.1.2-cp38-cp38-manylinux_2_24_ppc64le.whl", hash = "sha256:c720e55cef609d50418bdfdfb5c44a76efc020ae7455505788d0113c54c7df55"},
    {file = "pydantic_core-2.1.2-cp38-cp38-manylinux_2_24_s390x.whl", hash = "sha256:b59a64c367f350873c40a126ffe9184d903d2126c701380b4b55753484df5948"},
    {file = "pydantic_core-2.1.2-cp38-cp38-manylinux_2_5_i686.manylinux1_i686.whl", hash = "sha256:68a2a767953c707d9575dcf14d8edee7930527ee0141a8bb612c22d1f1059f9a"},
    {file = "pydantic_core-2.1.2-cp38-cp38-musllinux_1_1_aarch64.whl", hash = "sha256:a4ae46769d9a7138d58cd190441cac14ce954010a0081f28462ed916c8e55a4f"},
    {file = "pydantic_core-2.1.2-cp38-cp38-musllinux_1_1_x86_64.whl", hash = "sha256:fc909f62325a631e1401dd07dfc386986dbcac15f98c9ff2145d930678a9d25a"},
    {file = "pydantic_core-2.1.2-cp38-none-win32.whl", hash = "sha256:b4038869ba1d8fa33863b4b1286ab07e6075a641ae269b865f94d7e10b3e800e"},
    {file = "pydantic_core-2.1.2-cp38-none-win_amd64.whl", hash = "sha256:5948af62f323252d56acaec8ebfca5f15933f6b72f8dbe3bf21ee97b2d10e3f0"},
    {file = "pydantic_core-2.1.2-cp39-cp39-macosx_10_7_x86_64.whl", hash = "sha256:8e6ce261ccb9a986953c4dce070327e4954f9dd4cd214746dfc70efbc713b6a1"},
    {file = "pydantic_core-2.1.2-cp39-cp39-macosx_11_0_arm64.whl", hash = "sha256:d35d634d9d1ed280c87bc2a7a6217b8787eedc86f368fc2fa1c0c8c78f7d3c93"},
    {file = "pydantic_core-2.1.2-cp39-cp39-manylinux_2_17_aarch64.manylinux2014_aarch64.whl", hash = "sha256:0be2e2812a43205728a06c9d0fd090432cd76a9bb5bff2bfcfdf8b0e27d51851"},
    {file = "pydantic_core-2.1.2-cp39-cp39-manylinux_2_17_x86_64.manylinux2014_x86_64.whl", hash = "sha256:f0eb54b11cd4fe0c6404611eef77086ade03eb1457e92910bbb4f3479efa3f79"},
    {file = "pydantic_core-2.1.2-cp39-cp39-manylinux_2_24_armv7l.whl", hash = "sha256:087ddbb754575618a8832ee4ab52fe7eb332f502e2a56088b53dbeb5c4efdf9f"},
    {file = "pydantic_core-2.1.2-cp39-cp39-manylinux_2_24_ppc64le.whl", hash = "sha256:b74906e01c7fc938ac889588ef438de812989817095c3c4904721f647d64a4d1"},
    {file = "pydantic_core-2.1.2-cp39-cp39-manylinux_2_24_s390x.whl", hash = "sha256:60b7239206a2f61ad89c7518adfacb3ccd6662eaa07c5e437317aea2615a1f18"},
    {file = "pydantic_core-2.1.2-cp39-cp39-manylinux_2_5_i686.manylinux1_i686.whl", hash = "sha256:be3419204952bbe9b72b90008977379c52f99ae1c6e640488de4be783c345d71"},
    {file = "pydantic_core-2.1.2-cp39-cp39-musllinux_1_1_aarch64.whl", hash = "sha256:804cf8f6a859620f8eb754c02f7770f61c3e9c519f8338c331d555b3d6976e3c"},
    {file = "pydantic_core-2.1.2-cp39-cp39-musllinux_1_1_x86_64.whl", hash = "sha256:cbba32fb14e199d0493c6b9c44870dab0a9c37af9f0f729068459d1849279ffd"},
    {file = "pydantic_core-2.1.2-cp39-none-win32.whl", hash = "sha256:6bf00f56a4468f5b03dadb672a5f1d24aea303d4ccffe8a0f548c9e36017edd3"},
    {file = "pydantic_core-2.1.2-cp39-none-win_amd64.whl", hash = "sha256:ac462a28218ea7d592c7ad51b517558f4ac6565a4e53db7a4811eeaf9c9660b0"},
    {file = "pydantic_core-2.1.2-pp310-pypy310_pp73-macosx_10_7_x86_64.whl", hash = "sha256:047e782b9918f35ef534ced36f1fd2064f5581229b7a15e4d3177387a6b53134"},
    {file = "pydantic_core-2.1.2-pp310-pypy310_pp73-manylinux_2_17_aarch64.manylinux2014_aarch64.whl", hash = "sha256:8c0213891898fa5b404cf3edf4797e3ac7819a0708ea5473fc6432a2aa27c189"},
    {file = "pydantic_core-2.1.2-pp310-pypy310_pp73-manylinux_2_17_x86_64.manylinux2014_x86_64.whl", hash = "sha256:c0f481aaf0119f77b200e5a5e2799b3e14c015a317eaa948f42263908735cc9f"},
    {file = "pydantic_core-2.1.2-pp310-pypy310_pp73-manylinux_2_5_i686.manylinux1_i686.whl", hash = "sha256:15eb4cb543ed36f6a4f16e3bee7aa7ed1c3757be95a3f3bbb2b82b9887131e0f"},
    {file = "pydantic_core-2.1.2-pp310-pypy310_pp73-musllinux_1_1_aarch64.whl", hash = "sha256:ef71e73a81a4cd7e87c93e8ff0170140fd93ba33b0f61e83da3f55f6e0a84fb4"},
    {file = "pydantic_core-2.1.2-pp310-pypy310_pp73-musllinux_1_1_x86_64.whl", hash = "sha256:840238c845b0f80777151fef0003088ab91c6f7b3467edaff4932b425c4e3c3f"},
    {file = "pydantic_core-2.1.2-pp310-pypy310_pp73-win_amd64.whl", hash = "sha256:7648e48ba263ca0a8a2dc55a60a219c9133fb101ba52c89a14a29fb3d4322ca3"},
    {file = "pydantic_core-2.1.2-pp37-pypy37_pp73-macosx_10_7_x86_64.whl", hash = "sha256:8eb4e2b71562375609c66a79f89acd4fe95c5cba23473d04952c8b14b6f908f5"},
    {file = "pydantic_core-2.1.2-pp37-pypy37_pp73-manylinux_2_17_aarch64.manylinux2014_aarch64.whl", hash = "sha256:5056afea59651c4e47ec6dadbb77ccae4742c059a3d12bc1c0e393d189d2970d"},
    {file = "pydantic_core-2.1.2-pp37-pypy37_pp73-manylinux_2_17_x86_64.manylinux2014_x86_64.whl", hash = "sha256:46cd323371aa7e4053010ccdb94063a4273aa9e5dbe97f8a1147faa769de8d8d"},
    {file = "pydantic_core-2.1.2-pp37-pypy37_pp73-manylinux_2_5_i686.manylinux1_i686.whl", hash = "sha256:aa39499625239da4ec960cf4fc66b023929b24cc77fb8520289cfdb3c1986428"},
    {file = "pydantic_core-2.1.2-pp37-pypy37_pp73-musllinux_1_1_aarch64.whl", hash = "sha256:f5de2d4167fd4bc5ad205fb7297e25867b8e335ca08d64ed7a561d2955a2c32d"},
    {file = "pydantic_core-2.1.2-pp37-pypy37_pp73-musllinux_1_1_x86_64.whl", hash = "sha256:9a5fba9168fc27805553760fa8198db46eef83bf52b4e87ebbe1333b823d0e70"},
    {file = "pydantic_core-2.1.2-pp37-pypy37_pp73-win_amd64.whl", hash = "sha256:e68a404fad8493989d6f07b7b9e066f1d2524d7cb64db2d4e9a84c920032c67f"},
    {file = "pydantic_core-2.1.2-pp38-pypy38_pp73-macosx_10_7_x86_64.whl", hash = "sha256:1a5c4475510d1a9cc1458a26cfc21442223e52ce9adb640775c38739315d03c7"},
    {file = "pydantic_core-2.1.2-pp38-pypy38_pp73-manylinux_2_17_aarch64.manylinux2014_aarch64.whl", hash = "sha256:0681472245ef182554208a25d16884c84f1c5a69f14e6169b88932e5da739a1c"},
    {file = "pydantic_core-2.1.2-pp38-pypy38_pp73-manylinux_2_17_x86_64.manylinux2014_x86_64.whl", hash = "sha256:e7fd334b40c5e13a97becfcaba314de0dcc6f7fe21ec8f992139bcc64700e9dc"},
    {file = "pydantic_core-2.1.2-pp38-pypy38_pp73-manylinux_2_5_i686.manylinux1_i686.whl", hash = "sha256:7345b1741bf66a9d8ed0ec291c3eabd534444e139e1ea6db5742ac9fd3be2530"},
    {file = "pydantic_core-2.1.2-pp38-pypy38_pp73-musllinux_1_1_aarch64.whl", hash = "sha256:0855cf8b760fb40f97f0226cb527c8a94a2ab9d8179628beae20d6939aaeacb0"},
    {file = "pydantic_core-2.1.2-pp38-pypy38_pp73-musllinux_1_1_x86_64.whl", hash = "sha256:d281a10837d98db997c0247f45d138522c91ce30cf3ae7a6afdb5e709707d360"},
    {file = "pydantic_core-2.1.2-pp38-pypy38_pp73-win_amd64.whl", hash = "sha256:82e09f27edab289187dd924d4d93f2a35f21aa969699b2504aa643da7fbfeff9"},
    {file = "pydantic_core-2.1.2-pp39-pypy39_pp73-macosx_10_7_x86_64.whl", hash = "sha256:aa54902fa51f7d921ba80923cf1c7ff3dce796a7903300bd8824deb90e357744"},
    {file = "pydantic_core-2.1.2-pp39-pypy39_pp73-manylinux_2_17_aarch64.manylinux2014_aarch64.whl", hash = "sha256:8b9a5fc4058d64c9c826684dcdb43891c1b474a4a88dcf8dfc3e1fb5889496f8"},
    {file = "pydantic_core-2.1.2-pp39-pypy39_pp73-manylinux_2_17_x86_64.manylinux2014_x86_64.whl", hash = "sha256:817681d111cb65f07d46496eafec815f48e1aff37713b73135a0a9eb4d3610ab"},
    {file = "pydantic_core-2.1.2-pp39-pypy39_pp73-manylinux_2_5_i686.manylinux1_i686.whl", hash = "sha256:0b5d37aedea5963f2097bddbcdb255483191646a52d40d8bb66d61c190fcac91"},
    {file = "pydantic_core-2.1.2-pp39-pypy39_pp73-musllinux_1_1_aarch64.whl", hash = "sha256:f2de65752fff248319bcd3b29da24e205fa505607539fcd4acc4037355175b63"},
    {file = "pydantic_core-2.1.2-pp39-pypy39_pp73-musllinux_1_1_x86_64.whl", hash = "sha256:a8b9c2cc4c5f8169b943d24be4bd1548fe81c016d704126e3a3124a2fc164885"},
    {file = "pydantic_core-2.1.2-pp39-pypy39_pp73-win_amd64.whl", hash = "sha256:f7bcdf70c8b6e70be11c78d3c00b80a24cccfb408128f23e91ec3019bed1ecc1"},
    {file = "pydantic_core-2.1.2.tar.gz", hash = "sha256:d2c790f0d928b672484eac4f5696dd0b78f3d6d148a641ea196eb49c0875e30a"},
]

[package.dependencies]
typing-extensions = ">=4.6.0,<4.7.0 || >4.7.0"

[[package]]
name = "typing-extensions"
version = "4.7.1"
description = "Backported and Experimental Type Hints for Python 3.7+"
optional = false
python-versions = ">=3.7"
files = [
    {file = "typing_extensions-4.7.1-py3-none-any.whl", hash = "sha256:440d5dd3af93b060174bf433bccd69b0babc3b15b1a8dca43789fd7f61514b36"},
    {file = "typing_extensions-4.7.1.tar.gz", hash = "sha256:b75ddc264f0ba5615db7ba217daeb99701ad295353c45f9e95963337ceeeffb2"},
]

[metadata]
lock-version = "2.0"
python-versions = "^3.9"
content-hash = "dc06a1b4b4af9c2220af3d3e153ce45b83bac57c5f8c340a297549c49ef5195d"
