# This file is automatically @generated by Poetry 1.8.4 and should not be changed by hand.

[[package]]
name = "annotated-types"
version = "0.7.0"
description = "Reusable constraint types to use with typing.Annotated"
optional = false
python-versions = ">=3.8"
files = [
    {file = "annotated_types-0.7.0-py3-none-any.whl", hash = "sha256:1f02e8b43a8fbbc3f3e0d4f0f4bfc8131bcb4eebe8849b8e5c773f3a1c582a53"},
    {file = "annotated_types-0.7.0.tar.gz", hash = "sha256:aff07c09a53a08bc8cfccb9c85b05f1aa9a2a6f23728d790723543408344ce89"},
]

[package.source]
type = "legacy"
url = "https://pypi.tuna.tsinghua.edu.cn/simple"
reference = "tsinghua"

[[package]]
name = "colorama"
version = "0.4.6"
description = "Cross-platform colored terminal text."
optional = false
python-versions = "!=3.0.*,!=3.1.*,!=3.2.*,!=3.3.*,!=3.4.*,!=3.5.*,!=3.6.*,>=2.7"
files = [
    {file = "colorama-0.4.6-py2.py3-none-any.whl", hash = "sha256:4f1d9991f5acc0ca119f9d443620b77f9d6b33703e51011c16baf57afb285fc6"},
    {file = "colorama-0.4.6.tar.gz", hash = "sha256:08695f5cb7ed6e0531a20572697297273c47b8cae5a63ffc6d6ed5c201be6e44"},
]

[package.source]
type = "legacy"
url = "https://pypi.tuna.tsinghua.edu.cn/simple"
reference = "tsinghua"

[[package]]
name = "coverage"
version = "7.6.8"
description = "Code coverage measurement for Python"
optional = false
python-versions = ">=3.9"
files = [
    {file = "coverage-7.6.8-cp310-cp310-macosx_10_9_x86_64.whl", hash = "sha256:b39e6011cd06822eb964d038d5dff5da5d98652b81f5ecd439277b32361a3a50"},
    {file = "coverage-7.6.8-cp310-cp310-macosx_11_0_arm64.whl", hash = "sha256:63c19702db10ad79151a059d2d6336fe0c470f2e18d0d4d1a57f7f9713875dcf"},
    {file = "coverage-7.6.8-cp310-cp310-manylinux_2_17_aarch64.manylinux2014_aarch64.whl", hash = "sha256:3985b9be361d8fb6b2d1adc9924d01dec575a1d7453a14cccd73225cb79243ee"},
    {file = "coverage-7.6.8-cp310-cp310-manylinux_2_5_i686.manylinux1_i686.manylinux_2_17_i686.manylinux2014_i686.whl", hash = "sha256:644ec81edec0f4ad17d51c838a7d01e42811054543b76d4ba2c5d6af741ce2a6"},
    {file = "coverage-7.6.8-cp310-cp310-manylinux_2_5_x86_64.manylinux1_x86_64.manylinux_2_17_x86_64.manylinux2014_x86_64.whl", hash = "sha256:1f188a2402f8359cf0c4b1fe89eea40dc13b52e7b4fd4812450da9fcd210181d"},
    {file = "coverage-7.6.8-cp310-cp310-musllinux_1_2_aarch64.whl", hash = "sha256:e19122296822deafce89a0c5e8685704c067ae65d45e79718c92df7b3ec3d331"},
    {file = "coverage-7.6.8-cp310-cp310-musllinux_1_2_i686.whl", hash = "sha256:13618bed0c38acc418896005732e565b317aa9e98d855a0e9f211a7ffc2d6638"},
    {file = "coverage-7.6.8-cp310-cp310-musllinux_1_2_x86_64.whl", hash = "sha256:193e3bffca48ad74b8c764fb4492dd875038a2f9925530cb094db92bb5e47bed"},
    {file = "coverage-7.6.8-cp310-cp310-win32.whl", hash = "sha256:3988665ee376abce49613701336544041f2117de7b7fbfe91b93d8ff8b151c8e"},
    {file = "coverage-7.6.8-cp310-cp310-win_amd64.whl", hash = "sha256:f56f49b2553d7dd85fd86e029515a221e5c1f8cb3d9c38b470bc38bde7b8445a"},
    {file = "coverage-7.6.8-cp311-cp311-macosx_10_9_x86_64.whl", hash = "sha256:86cffe9c6dfcfe22e28027069725c7f57f4b868a3f86e81d1c62462764dc46d4"},
    {file = "coverage-7.6.8-cp311-cp311-macosx_11_0_arm64.whl", hash = "sha256:d82ab6816c3277dc962cfcdc85b1efa0e5f50fb2c449432deaf2398a2928ab94"},
    {file = "coverage-7.6.8-cp311-cp311-manylinux_2_17_aarch64.manylinux2014_aarch64.whl", hash = "sha256:13690e923a3932e4fad4c0ebfb9cb5988e03d9dcb4c5150b5fcbf58fd8bddfc4"},
    {file = "coverage-7.6.8-cp311-cp311-manylinux_2_5_i686.manylinux1_i686.manylinux_2_17_i686.manylinux2014_i686.whl", hash = "sha256:4be32da0c3827ac9132bb488d331cb32e8d9638dd41a0557c5569d57cf22c9c1"},
    {file = "coverage-7.6.8-cp311-cp311-manylinux_2_5_x86_64.manylinux1_x86_64.manylinux_2_17_x86_64.manylinux2014_x86_64.whl", hash = "sha256:44e6c85bbdc809383b509d732b06419fb4544dca29ebe18480379633623baafb"},
    {file = "coverage-7.6.8-cp311-cp311-musllinux_1_2_aarch64.whl", hash = "sha256:768939f7c4353c0fac2f7c37897e10b1414b571fd85dd9fc49e6a87e37a2e0d8"},
    {file = "coverage-7.6.8-cp311-cp311-musllinux_1_2_i686.whl", hash = "sha256:e44961e36cb13c495806d4cac67640ac2866cb99044e210895b506c26ee63d3a"},
    {file = "coverage-7.6.8-cp311-cp311-musllinux_1_2_x86_64.whl", hash = "sha256:3ea8bb1ab9558374c0ab591783808511d135a833c3ca64a18ec927f20c4030f0"},
    {file = "coverage-7.6.8-cp311-cp311-win32.whl", hash = "sha256:629a1ba2115dce8bf75a5cce9f2486ae483cb89c0145795603d6554bdc83e801"},
    {file = "coverage-7.6.8-cp311-cp311-win_amd64.whl", hash = "sha256:fb9fc32399dca861584d96eccd6c980b69bbcd7c228d06fb74fe53e007aa8ef9"},
    {file = "coverage-7.6.8-cp312-cp312-macosx_10_13_x86_64.whl", hash = "sha256:e683e6ecc587643f8cde8f5da6768e9d165cd31edf39ee90ed7034f9ca0eefee"},
    {file = "coverage-7.6.8-cp312-cp312-macosx_11_0_arm64.whl", hash = "sha256:1defe91d41ce1bd44b40fabf071e6a01a5aa14de4a31b986aa9dfd1b3e3e414a"},
    {file = "coverage-7.6.8-cp312-cp312-manylinux_2_17_aarch64.manylinux2014_aarch64.whl", hash = "sha256:d7ad66e8e50225ebf4236368cc43c37f59d5e6728f15f6e258c8639fa0dd8e6d"},
    {file = "coverage-7.6.8-cp312-cp312-manylinux_2_5_i686.manylinux1_i686.manylinux_2_17_i686.manylinux2014_i686.whl", hash = "sha256:3fe47da3e4fda5f1abb5709c156eca207eacf8007304ce3019eb001e7a7204cb"},
    {file = "coverage-7.6.8-cp312-cp312-manylinux_2_5_x86_64.manylinux1_x86_64.manylinux_2_17_x86_64.manylinux2014_x86_64.whl", hash = "sha256:202a2d645c5a46b84992f55b0a3affe4f0ba6b4c611abec32ee88358db4bb649"},
    {file = "coverage-7.6.8-cp312-cp312-musllinux_1_2_aarch64.whl", hash = "sha256:4674f0daa1823c295845b6a740d98a840d7a1c11df00d1fd62614545c1583787"},
    {file = "coverage-7.6.8-cp312-cp312-musllinux_1_2_i686.whl", hash = "sha256:74610105ebd6f33d7c10f8907afed696e79c59e3043c5f20eaa3a46fddf33b4c"},
    {file = "coverage-7.6.8-cp312-cp312-musllinux_1_2_x86_64.whl", hash = "sha256:37cda8712145917105e07aab96388ae76e787270ec04bcb9d5cc786d7cbb8443"},
    {file = "coverage-7.6.8-cp312-cp312-win32.whl", hash = "sha256:9e89d5c8509fbd6c03d0dd1972925b22f50db0792ce06324ba069f10787429ad"},
    {file = "coverage-7.6.8-cp312-cp312-win_amd64.whl", hash = "sha256:379c111d3558272a2cae3d8e57e6b6e6f4fe652905692d54bad5ea0ca37c5ad4"},
    {file = "coverage-7.6.8-cp313-cp313-macosx_10_13_x86_64.whl", hash = "sha256:0b0c69f4f724c64dfbfe79f5dfb503b42fe6127b8d479b2677f2b227478db2eb"},
    {file = "coverage-7.6.8-cp313-cp313-macosx_11_0_arm64.whl", hash = "sha256:c15b32a7aca8038ed7644f854bf17b663bc38e1671b5d6f43f9a2b2bd0c46f63"},
    {file = "coverage-7.6.8-cp313-cp313-manylinux_2_17_aarch64.manylinux2014_aarch64.whl", hash = "sha256:63068a11171e4276f6ece913bde059e77c713b48c3a848814a6537f35afb8365"},
    {file = "coverage-7.6.8-cp313-cp313-manylinux_2_5_i686.manylinux1_i686.manylinux_2_17_i686.manylinux2014_i686.whl", hash = "sha256:6f4548c5ead23ad13fb7a2c8ea541357474ec13c2b736feb02e19a3085fac002"},
    {file = "coverage-7.6.8-cp313-cp313-manylinux_2_5_x86_64.manylinux1_x86_64.manylinux_2_17_x86_64.manylinux2014_x86_64.whl", hash = "sha256:3b4b4299dd0d2c67caaaf286d58aef5e75b125b95615dda4542561a5a566a1e3"},
    {file = "coverage-7.6.8-cp313-cp313-musllinux_1_2_aarch64.whl", hash = "sha256:c9ebfb2507751f7196995142f057d1324afdab56db1d9743aab7f50289abd022"},
    {file = "coverage-7.6.8-cp313-cp313-musllinux_1_2_i686.whl", hash = "sha256:c1b4474beee02ede1eef86c25ad4600a424fe36cff01a6103cb4533c6bf0169e"},
    {file = "coverage-7.6.8-cp313-cp313-musllinux_1_2_x86_64.whl", hash = "sha256:d9fd2547e6decdbf985d579cf3fc78e4c1d662b9b0ff7cc7862baaab71c9cc5b"},
    {file = "coverage-7.6.8-cp313-cp313-win32.whl", hash = "sha256:8aae5aea53cbfe024919715eca696b1a3201886ce83790537d1c3668459c7146"},
    {file = "coverage-7.6.8-cp313-cp313-win_amd64.whl", hash = "sha256:ae270e79f7e169ccfe23284ff5ea2d52a6f401dc01b337efb54b3783e2ce3f28"},
    {file = "coverage-7.6.8-cp313-cp313t-macosx_10_13_x86_64.whl", hash = "sha256:de38add67a0af869b0d79c525d3e4588ac1ffa92f39116dbe0ed9753f26eba7d"},
    {file = "coverage-7.6.8-cp313-cp313t-macosx_11_0_arm64.whl", hash = "sha256:b07c25d52b1c16ce5de088046cd2432b30f9ad5e224ff17c8f496d9cb7d1d451"},
    {file = "coverage-7.6.8-cp313-cp313t-manylinux_2_17_aarch64.manylinux2014_aarch64.whl", hash = "sha256:62a66ff235e4c2e37ed3b6104d8b478d767ff73838d1222132a7a026aa548764"},
    {file = "coverage-7.6.8-cp313-cp313t-manylinux_2_5_i686.manylinux1_i686.manylinux_2_17_i686.manylinux2014_i686.whl", hash = "sha256:09b9f848b28081e7b975a3626e9081574a7b9196cde26604540582da60235fdf"},
    {file = "coverage-7.6.8-cp313-cp313t-manylinux_2_5_x86_64.manylinux1_x86_64.manylinux_2_17_x86_64.manylinux2014_x86_64.whl", hash = "sha256:093896e530c38c8e9c996901858ac63f3d4171268db2c9c8b373a228f459bbc5"},
    {file = "coverage-7.6.8-cp313-cp313t-musllinux_1_2_aarch64.whl", hash = "sha256:9a7b8ac36fd688c8361cbc7bf1cb5866977ece6e0b17c34aa0df58bda4fa18a4"},
    {file = "coverage-7.6.8-cp313-cp313t-musllinux_1_2_i686.whl", hash = "sha256:38c51297b35b3ed91670e1e4efb702b790002e3245a28c76e627478aa3c10d83"},
    {file = "coverage-7.6.8-cp313-cp313t-musllinux_1_2_x86_64.whl", hash = "sha256:2e4e0f60cb4bd7396108823548e82fdab72d4d8a65e58e2c19bbbc2f1e2bfa4b"},
    {file = "coverage-7.6.8-cp313-cp313t-win32.whl", hash = "sha256:6535d996f6537ecb298b4e287a855f37deaf64ff007162ec0afb9ab8ba3b8b71"},
    {file = "coverage-7.6.8-cp313-cp313t-win_amd64.whl", hash = "sha256:c79c0685f142ca53256722a384540832420dff4ab15fec1863d7e5bc8691bdcc"},
    {file = "coverage-7.6.8-cp39-cp39-macosx_10_9_x86_64.whl", hash = "sha256:3ac47fa29d8d41059ea3df65bd3ade92f97ee4910ed638e87075b8e8ce69599e"},
    {file = "coverage-7.6.8-cp39-cp39-macosx_11_0_arm64.whl", hash = "sha256:24eda3a24a38157eee639ca9afe45eefa8d2420d49468819ac5f88b10de84f4c"},
    {file = "coverage-7.6.8-cp39-cp39-manylinux_2_17_aarch64.manylinux2014_aarch64.whl", hash = "sha256:e4c81ed2820b9023a9a90717020315e63b17b18c274a332e3b6437d7ff70abe0"},
    {file = "coverage-7.6.8-cp39-cp39-manylinux_2_5_i686.manylinux1_i686.manylinux_2_17_i686.manylinux2014_i686.whl", hash = "sha256:bd55f8fc8fa494958772a2a7302b0354ab16e0b9272b3c3d83cdb5bec5bd1779"},
    {file = "coverage-7.6.8-cp39-cp39-manylinux_2_5_x86_64.manylinux1_x86_64.manylinux_2_17_x86_64.manylinux2014_x86_64.whl", hash = "sha256:f39e2f3530ed1626c66e7493be7a8423b023ca852aacdc91fb30162c350d2a92"},
    {file = "coverage-7.6.8-cp39-cp39-musllinux_1_2_aarch64.whl", hash = "sha256:716a78a342679cd1177bc8c2fe957e0ab91405bd43a17094324845200b2fddf4"},
    {file = "coverage-7.6.8-cp39-cp39-musllinux_1_2_i686.whl", hash = "sha256:177f01eeaa3aee4a5ffb0d1439c5952b53d5010f86e9d2667963e632e30082cc"},
    {file = "coverage-7.6.8-cp39-cp39-musllinux_1_2_x86_64.whl", hash = "sha256:912e95017ff51dc3d7b6e2be158dedc889d9a5cc3382445589ce554f1a34c0ea"},
    {file = "coverage-7.6.8-cp39-cp39-win32.whl", hash = "sha256:4db3ed6a907b555e57cc2e6f14dc3a4c2458cdad8919e40b5357ab9b6db6c43e"},
    {file = "coverage-7.6.8-cp39-cp39-win_amd64.whl", hash = "sha256:428ac484592f780e8cd7b6b14eb568f7c85460c92e2a37cb0c0e5186e1a0d076"},
    {file = "coverage-7.6.8-pp39.pp310-none-any.whl", hash = "sha256:5c52a036535d12590c32c49209e79cabaad9f9ad8aa4cbd875b68c4d67a9cbce"},
    {file = "coverage-7.6.8.tar.gz", hash = "sha256:8b2b8503edb06822c86d82fa64a4a5cb0760bb8f31f26e138ec743f422f37cfc"},
]

[package.dependencies]
tomli = {version = "*", optional = true, markers = "python_full_version <= \"3.11.0a6\" and extra == \"toml\""}

[package.extras]
toml = ["tomli"]

[package.source]
type = "legacy"
url = "https://pypi.tuna.tsinghua.edu.cn/simple"
reference = "tsinghua"

[[package]]
name = "exceptiongroup"
version = "1.2.2"
description = "Backport of PEP 654 (exception groups)"
optional = false
python-versions = ">=3.7"
files = [
    {file = "exceptiongroup-1.2.2-py3-none-any.whl", hash = "sha256:3111b9d131c238bec2f8f516e123e14ba243563fb135d3fe885990585aa7795b"},
    {file = "exceptiongroup-1.2.2.tar.gz", hash = "sha256:47c2edf7c6738fafb49fd34290706d1a1a2f4d1c6df275526b62cbb4aa5393cc"},
]

[package.extras]
test = ["pytest (>=6)"]

[package.source]
type = "legacy"
url = "https://pypi.tuna.tsinghua.edu.cn/simple"
reference = "tsinghua"

[[package]]
name = "iniconfig"
version = "2.0.0"
description = "brain-dead simple config-ini parsing"
optional = false
python-versions = ">=3.7"
files = [
    {file = "iniconfig-2.0.0-py3-none-any.whl", hash = "sha256:b6a85871a79d2e3b22d2d1b94ac2824226a63c6b741c88f7ae975f18b6778374"},
    {file = "iniconfig-2.0.0.tar.gz", hash = "sha256:2d91e135bf72d31a410b17c16da610a82cb55f6b0477d1a902134b24a455b8b3"},
]

[package.source]
type = "legacy"
url = "https://pypi.tuna.tsinghua.edu.cn/simple"
reference = "tsinghua"

[[package]]
name = "numpy"
version = "1.26.4"
description = "Fundamental package for array computing in Python"
optional = false
python-versions = ">=3.9"
files = [
    {file = "numpy-1.26.4-cp310-cp310-macosx_10_9_x86_64.whl", hash = "sha256:9ff0f4f29c51e2803569d7a51c2304de5554655a60c5d776e35b4a41413830d0"},
    {file = "numpy-1.26.4-cp310-cp310-macosx_11_0_arm64.whl", hash = "sha256:2e4ee3380d6de9c9ec04745830fd9e2eccb3e6cf790d39d7b98ffd19b0dd754a"},
    {file = "numpy-1.26.4-cp310-cp310-manylinux_2_17_aarch64.manylinux2014_aarch64.whl", hash = "sha256:d209d8969599b27ad20994c8e41936ee0964e6da07478d6c35016bc386b66ad4"},
    {file = "numpy-1.26.4-cp310-cp310-manylinux_2_17_x86_64.manylinux2014_x86_64.whl", hash = "sha256:ffa75af20b44f8dba823498024771d5ac50620e6915abac414251bd971b4529f"},
    {file = "numpy-1.26.4-cp310-cp310-musllinux_1_1_aarch64.whl", hash = "sha256:62b8e4b1e28009ef2846b4c7852046736bab361f7aeadeb6a5b89ebec3c7055a"},
    {file = "numpy-1.26.4-cp310-cp310-musllinux_1_1_x86_64.whl", hash = "sha256:a4abb4f9001ad2858e7ac189089c42178fcce737e4169dc61321660f1a96c7d2"},
    {file = "numpy-1.26.4-cp310-cp310-win32.whl", hash = "sha256:bfe25acf8b437eb2a8b2d49d443800a5f18508cd811fea3181723922a8a82b07"},
    {file = "numpy-1.26.4-cp310-cp310-win_amd64.whl", hash = "sha256:b97fe8060236edf3662adfc2c633f56a08ae30560c56310562cb4f95500022d5"},
    {file = "numpy-1.26.4-cp311-cp311-macosx_10_9_x86_64.whl", hash = "sha256:4c66707fabe114439db9068ee468c26bbdf909cac0fb58686a42a24de1760c71"},
    {file = "numpy-1.26.4-cp311-cp311-macosx_11_0_arm64.whl", hash = "sha256:edd8b5fe47dab091176d21bb6de568acdd906d1887a4584a15a9a96a1dca06ef"},
    {file = "numpy-1.26.4-cp311-cp311-manylinux_2_17_aarch64.manylinux2014_aarch64.whl", hash = "sha256:7ab55401287bfec946ced39700c053796e7cc0e3acbef09993a9ad2adba6ca6e"},
    {file = "numpy-1.26.4-cp311-cp311-manylinux_2_17_x86_64.manylinux2014_x86_64.whl", hash = "sha256:666dbfb6ec68962c033a450943ded891bed2d54e6755e35e5835d63f4f6931d5"},
    {file = "numpy-1.26.4-cp311-cp311-musllinux_1_1_aarch64.whl", hash = "sha256:96ff0b2ad353d8f990b63294c8986f1ec3cb19d749234014f4e7eb0112ceba5a"},
    {file = "numpy-1.26.4-cp311-cp311-musllinux_1_1_x86_64.whl", hash = "sha256:60dedbb91afcbfdc9bc0b1f3f402804070deed7392c23eb7a7f07fa857868e8a"},
    {file = "numpy-1.26.4-cp311-cp311-win32.whl", hash = "sha256:1af303d6b2210eb850fcf03064d364652b7120803a0b872f5211f5234b399f20"},
    {file = "numpy-1.26.4-cp311-cp311-win_amd64.whl", hash = "sha256:cd25bcecc4974d09257ffcd1f098ee778f7834c3ad767fe5db785be9a4aa9cb2"},
    {file = "numpy-1.26.4-cp312-cp312-macosx_10_9_x86_64.whl", hash = "sha256:b3ce300f3644fb06443ee2222c2201dd3a89ea6040541412b8fa189341847218"},
    {file = "numpy-1.26.4-cp312-cp312-macosx_11_0_arm64.whl", hash = "sha256:03a8c78d01d9781b28a6989f6fa1bb2c4f2d51201cf99d3dd875df6fbd96b23b"},
    {file = "numpy-1.26.4-cp312-cp312-manylinux_2_17_aarch64.manylinux2014_aarch64.whl", hash = "sha256:9fad7dcb1aac3c7f0584a5a8133e3a43eeb2fe127f47e3632d43d677c66c102b"},
    {file = "numpy-1.26.4-cp312-cp312-manylinux_2_17_x86_64.manylinux2014_x86_64.whl", hash = "sha256:675d61ffbfa78604709862923189bad94014bef562cc35cf61d3a07bba02a7ed"},
    {file = "numpy-1.26.4-cp312-cp312-musllinux_1_1_aarch64.whl", hash = "sha256:ab47dbe5cc8210f55aa58e4805fe224dac469cde56b9f731a4c098b91917159a"},
    {file = "numpy-1.26.4-cp312-cp312-musllinux_1_1_x86_64.whl", hash = "sha256:1dda2e7b4ec9dd512f84935c5f126c8bd8b9f2fc001e9f54af255e8c5f16b0e0"},
    {file = "numpy-1.26.4-cp312-cp312-win32.whl", hash = "sha256:50193e430acfc1346175fcbdaa28ffec49947a06918b7b92130744e81e640110"},
    {file = "numpy-1.26.4-cp312-cp312-win_amd64.whl", hash = "sha256:08beddf13648eb95f8d867350f6a018a4be2e5ad54c8d8caed89ebca558b2818"},
    {file = "numpy-1.26.4-cp39-cp39-macosx_10_9_x86_64.whl", hash = "sha256:7349ab0fa0c429c82442a27a9673fc802ffdb7c7775fad780226cb234965e53c"},
    {file = "numpy-1.26.4-cp39-cp39-macosx_11_0_arm64.whl", hash = "sha256:52b8b60467cd7dd1e9ed082188b4e6bb35aa5cdd01777621a1658910745b90be"},
    {file = "numpy-1.26.4-cp39-cp39-manylinux_2_17_aarch64.manylinux2014_aarch64.whl", hash = "sha256:d5241e0a80d808d70546c697135da2c613f30e28251ff8307eb72ba696945764"},
    {file = "numpy-1.26.4-cp39-cp39-manylinux_2_17_x86_64.manylinux2014_x86_64.whl", hash = "sha256:f870204a840a60da0b12273ef34f7051e98c3b5961b61b0c2c1be6dfd64fbcd3"},
    {file = "numpy-1.26.4-cp39-cp39-musllinux_1_1_aarch64.whl", hash = "sha256:679b0076f67ecc0138fd2ede3a8fd196dddc2ad3254069bcb9faf9a79b1cebcd"},
    {file = "numpy-1.26.4-cp39-cp39-musllinux_1_1_x86_64.whl", hash = "sha256:47711010ad8555514b434df65f7d7b076bb8261df1ca9bb78f53d3b2db02e95c"},
    {file = "numpy-1.26.4-cp39-cp39-win32.whl", hash = "sha256:a354325ee03388678242a4d7ebcd08b5c727033fcff3b2f536aea978e15ee9e6"},
    {file = "numpy-1.26.4-cp39-cp39-win_amd64.whl", hash = "sha256:3373d5d70a5fe74a2c1bb6d2cfd9609ecf686d47a2d7b1d37a8f3b6bf6003aea"},
    {file = "numpy-1.26.4-pp39-pypy39_pp73-macosx_10_9_x86_64.whl", hash = "sha256:afedb719a9dcfc7eaf2287b839d8198e06dcd4cb5d276a3df279231138e83d30"},
    {file = "numpy-1.26.4-pp39-pypy39_pp73-manylinux_2_17_x86_64.manylinux2014_x86_64.whl", hash = "sha256:95a7476c59002f2f6c590b9b7b998306fba6a5aa646b1e22ddfeaf8f78c3a29c"},
    {file = "numpy-1.26.4-pp39-pypy39_pp73-win_amd64.whl", hash = "sha256:7e50d0a0cc3189f9cb0aeb3a6a6af18c16f59f004b866cd2be1c14b36134a4a0"},
    {file = "numpy-1.26.4.tar.gz", hash = "sha256:2a02aba9ed12e4ac4eb3ea9421c420301a0c6460d9830d74a9df87efa4912010"},
]

[package.source]
type = "legacy"
url = "https://pypi.tuna.tsinghua.edu.cn/simple"
reference = "tsinghua"

[[package]]
name = "orjson"
version = "3.10.11"
description = "Fast, correct Python JSON library supporting dataclasses, datetimes, and numpy"
optional = false
python-versions = ">=3.8"
files = [
    {file = "orjson-3.10.11-cp310-cp310-macosx_10_15_x86_64.macosx_11_0_arm64.macosx_10_15_universal2.whl", hash = "sha256:6dade64687f2bd7c090281652fe18f1151292d567a9302b34c2dbb92a3872f1f"},
    {file = "orjson-3.10.11-cp310-cp310-manylinux_2_17_aarch64.manylinux2014_aarch64.whl", hash = "sha256:82f07c550a6ccd2b9290849b22316a609023ed851a87ea888c0456485a7d196a"},
    {file = "orjson-3.10.11-cp310-cp310-manylinux_2_17_armv7l.manylinux2014_armv7l.whl", hash = "sha256:bd9a187742d3ead9df2e49240234d728c67c356516cf4db018833a86f20ec18c"},
    {file = "orjson-3.10.11-cp310-cp310-manylinux_2_17_ppc64le.manylinux2014_ppc64le.whl", hash = "sha256:77b0fed6f209d76c1c39f032a70df2d7acf24b1812ca3e6078fd04e8972685a3"},
    {file = "orjson-3.10.11-cp310-cp310-manylinux_2_17_s390x.manylinux2014_s390x.whl", hash = "sha256:63fc9d5fe1d4e8868f6aae547a7b8ba0a2e592929245fff61d633f4caccdcdd6"},
    {file = "orjson-3.10.11-cp310-cp310-manylinux_2_17_x86_64.manylinux2014_x86_64.whl", hash = "sha256:65cd3e3bb4fbb4eddc3c1e8dce10dc0b73e808fcb875f9fab40c81903dd9323e"},
    {file = "orjson-3.10.11-cp310-cp310-musllinux_1_2_aarch64.whl", hash = "sha256:6f67c570602300c4befbda12d153113b8974a3340fdcf3d6de095ede86c06d92"},
    {file = "orjson-3.10.11-cp310-cp310-musllinux_1_2_x86_64.whl", hash = "sha256:1f39728c7f7d766f1f5a769ce4d54b5aaa4c3f92d5b84817053cc9995b977acc"},
    {file = "orjson-3.10.11-cp310-none-win32.whl", hash = "sha256:1789d9db7968d805f3d94aae2c25d04014aae3a2fa65b1443117cd462c6da647"},
    {file = "orjson-3.10.11-cp310-none-win_amd64.whl", hash = "sha256:5576b1e5a53a5ba8f8df81872bb0878a112b3ebb1d392155f00f54dd86c83ff6"},
    {file = "orjson-3.10.11-cp311-cp311-macosx_10_15_x86_64.macosx_11_0_arm64.macosx_10_15_universal2.whl", hash = "sha256:1444f9cb7c14055d595de1036f74ecd6ce15f04a715e73f33bb6326c9cef01b6"},
    {file = "orjson-3.10.11-cp311-cp311-manylinux_2_17_aarch64.manylinux2014_aarch64.whl", hash = "sha256:cdec57fe3b4bdebcc08a946db3365630332dbe575125ff3d80a3272ebd0ddafe"},
    {file = "orjson-3.10.11-cp311-cp311-manylinux_2_17_armv7l.manylinux2014_armv7l.whl", hash = "sha256:4eed32f33a0ea6ef36ccc1d37f8d17f28a1d6e8eefae5928f76aff8f1df85e67"},
    {file = "orjson-3.10.11-cp311-cp311-manylinux_2_17_ppc64le.manylinux2014_ppc64le.whl", hash = "sha256:80df27dd8697242b904f4ea54820e2d98d3f51f91e97e358fc13359721233e4b"},
    {file = "orjson-3.10.11-cp311-cp311-manylinux_2_17_s390x.manylinux2014_s390x.whl", hash = "sha256:705f03cee0cb797256d54de6695ef219e5bc8c8120b6654dd460848d57a9af3d"},
    {file = "orjson-3.10.11-cp311-cp311-manylinux_2_17_x86_64.manylinux2014_x86_64.whl", hash = "sha256:03246774131701de8e7059b2e382597da43144a9a7400f178b2a32feafc54bd5"},
    {file = "orjson-3.10.11-cp311-cp311-musllinux_1_2_aarch64.whl", hash = "sha256:8b5759063a6c940a69c728ea70d7c33583991c6982915a839c8da5f957e0103a"},
    {file = "orjson-3.10.11-cp311-cp311-musllinux_1_2_x86_64.whl", hash = "sha256:677f23e32491520eebb19c99bb34675daf5410c449c13416f7f0d93e2cf5f981"},
    {file = "orjson-3.10.11-cp311-none-win32.whl", hash = "sha256:a11225d7b30468dcb099498296ffac36b4673a8398ca30fdaec1e6c20df6aa55"},
    {file = "orjson-3.10.11-cp311-none-win_amd64.whl", hash = "sha256:df8c677df2f9f385fcc85ab859704045fa88d4668bc9991a527c86e710392bec"},
    {file = "orjson-3.10.11-cp312-cp312-macosx_10_15_x86_64.macosx_11_0_arm64.macosx_10_15_universal2.whl", hash = "sha256:360a4e2c0943da7c21505e47cf6bd725588962ff1d739b99b14e2f7f3545ba51"},
    {file = "orjson-3.10.11-cp312-cp312-manylinux_2_17_aarch64.manylinux2014_aarch64.whl", hash = "sha256:496e2cb45de21c369079ef2d662670a4892c81573bcc143c4205cae98282ba97"},
    {file = "orjson-3.10.11-cp312-cp312-manylinux_2_17_armv7l.manylinux2014_armv7l.whl", hash = "sha256:7dfa8db55c9792d53c5952900c6a919cfa377b4f4534c7a786484a6a4a350c19"},
    {file = "orjson-3.10.11-cp312-cp312-manylinux_2_17_ppc64le.manylinux2014_ppc64le.whl", hash = "sha256:51f3382415747e0dbda9dade6f1e1a01a9d37f630d8c9049a8ed0e385b7a90c0"},
    {file = "orjson-3.10.11-cp312-cp312-manylinux_2_17_s390x.manylinux2014_s390x.whl", hash = "sha256:f35a1b9f50a219f470e0e497ca30b285c9f34948d3c8160d5ad3a755d9299433"},
    {file = "orjson-3.10.11-cp312-cp312-manylinux_2_17_x86_64.manylinux2014_x86_64.whl", hash = "sha256:e2f3b7c5803138e67028dde33450e054c87e0703afbe730c105f1fcd873496d5"},
    {file = "orjson-3.10.11-cp312-cp312-musllinux_1_2_aarch64.whl", hash = "sha256:f91d9eb554310472bd09f5347950b24442600594c2edc1421403d7610a0998fd"},
    {file = "orjson-3.10.11-cp312-cp312-musllinux_1_2_x86_64.whl", hash = "sha256:dfbb2d460a855c9744bbc8e36f9c3a997c4b27d842f3d5559ed54326e6911f9b"},
    {file = "orjson-3.10.11-cp312-none-win32.whl", hash = "sha256:d4a62c49c506d4d73f59514986cadebb7e8d186ad510c518f439176cf8d5359d"},
    {file = "orjson-3.10.11-cp312-none-win_amd64.whl", hash = "sha256:f1eec3421a558ff7a9b010a6c7effcfa0ade65327a71bb9b02a1c3b77a247284"},
    {file = "orjson-3.10.11-cp313-cp313-macosx_10_15_x86_64.macosx_11_0_arm64.macosx_10_15_universal2.whl", hash = "sha256:c46294faa4e4d0eb73ab68f1a794d2cbf7bab33b1dda2ac2959ffb7c61591899"},
    {file = "orjson-3.10.11-cp313-cp313-manylinux_2_17_aarch64.manylinux2014_aarch64.whl", hash = "sha256:52e5834d7d6e58a36846e059d00559cb9ed20410664f3ad156cd2cc239a11230"},
    {file = "orjson-3.10.11-cp313-cp313-manylinux_2_17_x86_64.manylinux2014_x86_64.whl", hash = "sha256:a2fc947e5350fdce548bfc94f434e8760d5cafa97fb9c495d2fef6757aa02ec0"},
    {file = "orjson-3.10.11-cp313-cp313-musllinux_1_2_aarch64.whl", hash = "sha256:0efabbf839388a1dab5b72b5d3baedbd6039ac83f3b55736eb9934ea5494d258"},
    {file = "orjson-3.10.11-cp313-cp313-musllinux_1_2_x86_64.whl", hash = "sha256:a3f29634260708c200c4fe148e42b4aae97d7b9fee417fbdd74f8cfc265f15b0"},
    {file = "orjson-3.10.11-cp313-none-win32.whl", hash = "sha256:1a1222ffcee8a09476bbdd5d4f6f33d06d0d6642df2a3d78b7a195ca880d669b"},
    {file = "orjson-3.10.11-cp313-none-win_amd64.whl", hash = "sha256:bc274ac261cc69260913b2d1610760e55d3c0801bb3457ba7b9004420b6b4270"},
    {file = "orjson-3.10.11-cp38-cp38-macosx_10_15_x86_64.macosx_11_0_arm64.macosx_10_15_universal2.whl", hash = "sha256:19b3763e8bbf8ad797df6b6b5e0fc7c843ec2e2fc0621398534e0c6400098f87"},
    {file = "orjson-3.10.11-cp38-cp38-manylinux_2_17_aarch64.manylinux2014_aarch64.whl", hash = "sha256:1be83a13312e5e58d633580c5eb8d0495ae61f180da2722f20562974188af205"},
    {file = "orjson-3.10.11-cp38-cp38-manylinux_2_17_armv7l.manylinux2014_armv7l.whl", hash = "sha256:afacfd1ab81f46dedd7f6001b6d4e8de23396e4884cd3c3436bd05defb1a6446"},
    {file = "orjson-3.10.11-cp38-cp38-manylinux_2_17_ppc64le.manylinux2014_ppc64le.whl", hash = "sha256:cb4d0bea56bba596723d73f074c420aec3b2e5d7d30698bc56e6048066bd560c"},
    {file = "orjson-3.10.11-cp38-cp38-manylinux_2_17_s390x.manylinux2014_s390x.whl", hash = "sha256:96ed1de70fcb15d5fed529a656df29f768187628727ee2788344e8a51e1c1350"},
    {file = "orjson-3.10.11-cp38-cp38-manylinux_2_17_x86_64.manylinux2014_x86_64.whl", hash = "sha256:4bfb30c891b530f3f80e801e3ad82ef150b964e5c38e1fb8482441c69c35c61c"},
    {file = "orjson-3.10.11-cp38-cp38-musllinux_1_2_aarch64.whl", hash = "sha256:d496c74fc2b61341e3cefda7eec21b7854c5f672ee350bc55d9a4997a8a95204"},
    {file = "orjson-3.10.11-cp38-cp38-musllinux_1_2_x86_64.whl", hash = "sha256:655a493bac606655db9a47fe94d3d84fc7f3ad766d894197c94ccf0c5408e7d3"},
    {file = "orjson-3.10.11-cp38-none-win32.whl", hash = "sha256:b9546b278c9fb5d45380f4809e11b4dd9844ca7aaf1134024503e134ed226161"},
    {file = "orjson-3.10.11-cp38-none-win_amd64.whl", hash = "sha256:b592597fe551d518f42c5a2eb07422eb475aa8cfdc8c51e6da7054b836b26782"},
    {file = "orjson-3.10.11-cp39-cp39-macosx_10_15_x86_64.macosx_11_0_arm64.macosx_10_15_universal2.whl", hash = "sha256:c95f2ecafe709b4e5c733b5e2768ac569bed308623c85806c395d9cca00e08af"},
    {file = "orjson-3.10.11-cp39-cp39-manylinux_2_17_aarch64.manylinux2014_aarch64.whl", hash = "sha256:80c00d4acded0c51c98754fe8218cb49cb854f0f7eb39ea4641b7f71732d2cb7"},
    {file = "orjson-3.10.11-cp39-cp39-manylinux_2_17_armv7l.manylinux2014_armv7l.whl", hash = "sha256:461311b693d3d0a060439aa669c74f3603264d4e7a08faa68c47ae5a863f352d"},
    {file = "orjson-3.10.11-cp39-cp39-manylinux_2_17_ppc64le.manylinux2014_ppc64le.whl", hash = "sha256:52ca832f17d86a78cbab86cdc25f8c13756ebe182b6fc1a97d534051c18a08de"},
    {file = "orjson-3.10.11-cp39-cp39-manylinux_2_17_s390x.manylinux2014_s390x.whl", hash = "sha256:f4c57ea78a753812f528178aa2f1c57da633754c91d2124cb28991dab4c79a54"},
    {file = "orjson-3.10.11-cp39-cp39-manylinux_2_17_x86_64.manylinux2014_x86_64.whl", hash = "sha256:b7fcfc6f7ca046383fb954ba528587e0f9336828b568282b27579c49f8e16aad"},
    {file = "orjson-3.10.11-cp39-cp39-musllinux_1_2_aarch64.whl", hash = "sha256:86b9dd983857970c29e4c71bb3e95ff085c07d3e83e7c46ebe959bac07ebd80b"},
    {file = "orjson-3.10.11-cp39-cp39-musllinux_1_2_x86_64.whl", hash = "sha256:4d83f87582d223e54efb2242a79547611ba4ebae3af8bae1e80fa9a0af83bb7f"},
    {file = "orjson-3.10.11-cp39-none-win32.whl", hash = "sha256:9fd0ad1c129bc9beb1154c2655f177620b5beaf9a11e0d10bac63ef3fce96950"},
    {file = "orjson-3.10.11-cp39-none-win_amd64.whl", hash = "sha256:10f416b2a017c8bd17f325fb9dee1fb5cdd7a54e814284896b7c3f2763faa017"},
    {file = "orjson-3.10.11.tar.gz", hash = "sha256:e35b6d730de6384d5b2dab5fd23f0d76fae8bbc8c353c2f78210aa5fa4beb3ef"},
]

[package.source]
type = "legacy"
url = "https://pypi.tuna.tsinghua.edu.cn/simple"
reference = "tsinghua"

[[package]]
name = "packaging"
version = "24.2"
description = "Core utilities for Python packages"
optional = false
python-versions = ">=3.8"
files = [
    {file = "packaging-24.2-py3-none-any.whl", hash = "sha256:09abb1bccd265c01f4a3aa3f7a7db064b36514d2cba19a2f694fe6150451a759"},
    {file = "packaging-24.2.tar.gz", hash = "sha256:c228a6dc5e932d346bc5739379109d49e8853dd8223571c7c5b55260edc0b97f"},
]

[package.source]
type = "legacy"
url = "https://pypi.tuna.tsinghua.edu.cn/simple"
reference = "tsinghua"

[[package]]
name = "paicorelib"
version = "1.3.1"
description = "Library of PAICORE 2.0"
optional = false
python-versions = "^3.9"
files = []
develop = false

[package.dependencies]
numpy = "^1.26.0"
pydantic = "^2.0.3"

[package.source]
type = "git"
url = "https://github.com/PAICookers/PAIlib.git"
reference = "dev"
resolved_reference = "36c76aca47dc6874195bbe65d29a706d207e2af3"

[[package]]
name = "pluggy"
version = "1.5.0"
description = "plugin and hook calling mechanisms for python"
optional = false
python-versions = ">=3.8"
files = [
    {file = "pluggy-1.5.0-py3-none-any.whl", hash = "sha256:44e1ad92c8ca002de6377e165f3e0f1be63266ab4d554740532335b9d75ea669"},
    {file = "pluggy-1.5.0.tar.gz", hash = "sha256:2cffa88e94fdc978c4c574f15f9e59b7f4201d439195c3715ca9e2486f1d0cf1"},
]

[package.extras]
dev = ["pre-commit", "tox"]
testing = ["pytest", "pytest-benchmark"]

[package.source]
type = "legacy"
url = "https://pypi.tuna.tsinghua.edu.cn/simple"
reference = "tsinghua"

[[package]]
name = "pydantic"
version = "2.9.2"
description = "Data validation using Python type hints"
optional = false
python-versions = ">=3.8"
files = [
    {file = "pydantic-2.9.2-py3-none-any.whl", hash = "sha256:f048cec7b26778210e28a0459867920654d48e5e62db0958433636cde4254f12"},
    {file = "pydantic-2.9.2.tar.gz", hash = "sha256:d155cef71265d1e9807ed1c32b4c8deec042a44a50a4188b25ac67ecd81a9c0f"},
]

[package.dependencies]
annotated-types = ">=0.6.0"
pydantic-core = "2.23.4"
typing-extensions = [
    {version = ">=4.12.2", markers = "python_version >= \"3.13\""},
    {version = ">=4.6.1", markers = "python_version < \"3.13\""},
]

[package.extras]
email = ["email-validator (>=2.0.0)"]
timezone = ["tzdata"]

[package.source]
type = "legacy"
url = "https://pypi.tuna.tsinghua.edu.cn/simple"
reference = "tsinghua"

[[package]]
name = "pydantic-core"
version = "2.23.4"
description = "Core functionality for Pydantic validation and serialization"
optional = false
python-versions = ">=3.8"
files = [
    {file = "pydantic_core-2.23.4-cp310-cp310-macosx_10_12_x86_64.whl", hash = "sha256:b10bd51f823d891193d4717448fab065733958bdb6a6b351967bd349d48d5c9b"},
    {file = "pydantic_core-2.23.4-cp310-cp310-macosx_11_0_arm64.whl", hash = "sha256:4fc714bdbfb534f94034efaa6eadd74e5b93c8fa6315565a222f7b6f42ca1166"},
    {file = "pydantic_core-2.23.4-cp310-cp310-manylinux_2_17_aarch64.manylinux2014_aarch64.whl", hash = "sha256:63e46b3169866bd62849936de036f901a9356e36376079b05efa83caeaa02ceb"},
    {file = "pydantic_core-2.23.4-cp310-cp310-manylinux_2_17_armv7l.manylinux2014_armv7l.whl", hash = "sha256:ed1a53de42fbe34853ba90513cea21673481cd81ed1be739f7f2efb931b24916"},
    {file = "pydantic_core-2.23.4-cp310-cp310-manylinux_2_17_ppc64le.manylinux2014_ppc64le.whl", hash = "sha256:cfdd16ab5e59fc31b5e906d1a3f666571abc367598e3e02c83403acabc092e07"},
    {file = "pydantic_core-2.23.4-cp310-cp310-manylinux_2_17_s390x.manylinux2014_s390x.whl", hash = "sha256:255a8ef062cbf6674450e668482456abac99a5583bbafb73f9ad469540a3a232"},
    {file = "pydantic_core-2.23.4-cp310-cp310-manylinux_2_17_x86_64.manylinux2014_x86_64.whl", hash = "sha256:4a7cd62e831afe623fbb7aabbb4fe583212115b3ef38a9f6b71869ba644624a2"},
    {file = "pydantic_core-2.23.4-cp310-cp310-manylinux_2_5_i686.manylinux1_i686.whl", hash = "sha256:f09e2ff1f17c2b51f2bc76d1cc33da96298f0a036a137f5440ab3ec5360b624f"},
    {file = "pydantic_core-2.23.4-cp310-cp310-musllinux_1_1_aarch64.whl", hash = "sha256:e38e63e6f3d1cec5a27e0afe90a085af8b6806ee208b33030e65b6516353f1a3"},
    {file = "pydantic_core-2.23.4-cp310-cp310-musllinux_1_1_x86_64.whl", hash = "sha256:0dbd8dbed2085ed23b5c04afa29d8fd2771674223135dc9bc937f3c09284d071"},
    {file = "pydantic_core-2.23.4-cp310-none-win32.whl", hash = "sha256:6531b7ca5f951d663c339002e91aaebda765ec7d61b7d1e3991051906ddde119"},
    {file = "pydantic_core-2.23.4-cp310-none-win_amd64.whl", hash = "sha256:7c9129eb40958b3d4500fa2467e6a83356b3b61bfff1b414c7361d9220f9ae8f"},
    {file = "pydantic_core-2.23.4-cp311-cp311-macosx_10_12_x86_64.whl", hash = "sha256:77733e3892bb0a7fa797826361ce8a9184d25c8dffaec60b7ffe928153680ba8"},
    {file = "pydantic_core-2.23.4-cp311-cp311-macosx_11_0_arm64.whl", hash = "sha256:1b84d168f6c48fabd1f2027a3d1bdfe62f92cade1fb273a5d68e621da0e44e6d"},
    {file = "pydantic_core-2.23.4-cp311-cp311-manylinux_2_17_aarch64.manylinux2014_aarch64.whl", hash = "sha256:df49e7a0861a8c36d089c1ed57d308623d60416dab2647a4a17fe050ba85de0e"},
    {file = "pydantic_core-2.23.4-cp311-cp311-manylinux_2_17_armv7l.manylinux2014_armv7l.whl", hash = "sha256:ff02b6d461a6de369f07ec15e465a88895f3223eb75073ffea56b84d9331f607"},
    {file = "pydantic_core-2.23.4-cp311-cp311-manylinux_2_17_ppc64le.manylinux2014_ppc64le.whl", hash = "sha256:996a38a83508c54c78a5f41456b0103c30508fed9abcad0a59b876d7398f25fd"},
    {file = "pydantic_core-2.23.4-cp311-cp311-manylinux_2_17_s390x.manylinux2014_s390x.whl", hash = "sha256:d97683ddee4723ae8c95d1eddac7c192e8c552da0c73a925a89fa8649bf13eea"},
    {file = "pydantic_core-2.23.4-cp311-cp311-manylinux_2_17_x86_64.manylinux2014_x86_64.whl", hash = "sha256:216f9b2d7713eb98cb83c80b9c794de1f6b7e3145eef40400c62e86cee5f4e1e"},
    {file = "pydantic_core-2.23.4-cp311-cp311-manylinux_2_5_i686.manylinux1_i686.whl", hash = "sha256:6f783e0ec4803c787bcea93e13e9932edab72068f68ecffdf86a99fd5918878b"},
    {file = "pydantic_core-2.23.4-cp311-cp311-musllinux_1_1_aarch64.whl", hash = "sha256:d0776dea117cf5272382634bd2a5c1b6eb16767c223c6a5317cd3e2a757c61a0"},
    {file = "pydantic_core-2.23.4-cp311-cp311-musllinux_1_1_x86_64.whl", hash = "sha256:d5f7a395a8cf1621939692dba2a6b6a830efa6b3cee787d82c7de1ad2930de64"},
    {file = "pydantic_core-2.23.4-cp311-none-win32.whl", hash = "sha256:74b9127ffea03643e998e0c5ad9bd3811d3dac8c676e47db17b0ee7c3c3bf35f"},
    {file = "pydantic_core-2.23.4-cp311-none-win_amd64.whl", hash = "sha256:98d134c954828488b153d88ba1f34e14259284f256180ce659e8d83e9c05eaa3"},
    {file = "pydantic_core-2.23.4-cp312-cp312-macosx_10_12_x86_64.whl", hash = "sha256:f3e0da4ebaef65158d4dfd7d3678aad692f7666877df0002b8a522cdf088f231"},
    {file = "pydantic_core-2.23.4-cp312-cp312-macosx_11_0_arm64.whl", hash = "sha256:f69a8e0b033b747bb3e36a44e7732f0c99f7edd5cea723d45bc0d6e95377ffee"},
    {file = "pydantic_core-2.23.4-cp312-cp312-manylinux_2_17_aarch64.manylinux2014_aarch64.whl", hash = "sha256:723314c1d51722ab28bfcd5240d858512ffd3116449c557a1336cbe3919beb87"},
    {file = "pydantic_core-2.23.4-cp312-cp312-manylinux_2_17_armv7l.manylinux2014_armv7l.whl", hash = "sha256:bb2802e667b7051a1bebbfe93684841cc9351004e2badbd6411bf357ab8d5ac8"},
    {file = "pydantic_core-2.23.4-cp312-cp312-manylinux_2_17_ppc64le.manylinux2014_ppc64le.whl", hash = "sha256:d18ca8148bebe1b0a382a27a8ee60350091a6ddaf475fa05ef50dc35b5df6327"},
    {file = "pydantic_core-2.23.4-cp312-cp312-manylinux_2_17_s390x.manylinux2014_s390x.whl", hash = "sha256:33e3d65a85a2a4a0dc3b092b938a4062b1a05f3a9abde65ea93b233bca0e03f2"},
    {file = "pydantic_core-2.23.4-cp312-cp312-manylinux_2_17_x86_64.manylinux2014_x86_64.whl", hash = "sha256:128585782e5bfa515c590ccee4b727fb76925dd04a98864182b22e89a4e6ed36"},
    {file = "pydantic_core-2.23.4-cp312-cp312-manylinux_2_5_i686.manylinux1_i686.whl", hash = "sha256:68665f4c17edcceecc112dfed5dbe6f92261fb9d6054b47d01bf6371a6196126"},
    {file = "pydantic_core-2.23.4-cp312-cp312-musllinux_1_1_aarch64.whl", hash = "sha256:20152074317d9bed6b7a95ade3b7d6054845d70584216160860425f4fbd5ee9e"},
    {file = "pydantic_core-2.23.4-cp312-cp312-musllinux_1_1_x86_64.whl", hash = "sha256:9261d3ce84fa1d38ed649c3638feefeae23d32ba9182963e465d58d62203bd24"},
    {file = "pydantic_core-2.23.4-cp312-none-win32.whl", hash = "sha256:4ba762ed58e8d68657fc1281e9bb72e1c3e79cc5d464be146e260c541ec12d84"},
    {file = "pydantic_core-2.23.4-cp312-none-win_amd64.whl", hash = "sha256:97df63000f4fea395b2824da80e169731088656d1818a11b95f3b173747b6cd9"},
    {file = "pydantic_core-2.23.4-cp313-cp313-macosx_10_12_x86_64.whl", hash = "sha256:7530e201d10d7d14abce4fb54cfe5b94a0aefc87da539d0346a484ead376c3cc"},
    {file = "pydantic_core-2.23.4-cp313-cp313-macosx_11_0_arm64.whl", hash = "sha256:df933278128ea1cd77772673c73954e53a1c95a4fdf41eef97c2b779271bd0bd"},
    {file = "pydantic_core-2.23.4-cp313-cp313-manylinux_2_17_aarch64.manylinux2014_aarch64.whl", hash = "sha256:0cb3da3fd1b6a5d0279a01877713dbda118a2a4fc6f0d821a57da2e464793f05"},
    {file = "pydantic_core-2.23.4-cp313-cp313-manylinux_2_17_armv7l.manylinux2014_armv7l.whl", hash = "sha256:42c6dcb030aefb668a2b7009c85b27f90e51e6a3b4d5c9bc4c57631292015b0d"},
    {file = "pydantic_core-2.23.4-cp313-cp313-manylinux_2_17_ppc64le.manylinux2014_ppc64le.whl", hash = "sha256:696dd8d674d6ce621ab9d45b205df149399e4bb9aa34102c970b721554828510"},
    {file = "pydantic_core-2.23.4-cp313-cp313-manylinux_2_17_s390x.manylinux2014_s390x.whl", hash = "sha256:2971bb5ffe72cc0f555c13e19b23c85b654dd2a8f7ab493c262071377bfce9f6"},
    {file = "pydantic_core-2.23.4-cp313-cp313-manylinux_2_17_x86_64.manylinux2014_x86_64.whl", hash = "sha256:8394d940e5d400d04cad4f75c0598665cbb81aecefaca82ca85bd28264af7f9b"},
    {file = "pydantic_core-2.23.4-cp313-cp313-manylinux_2_5_i686.manylinux1_i686.whl", hash = "sha256:0dff76e0602ca7d4cdaacc1ac4c005e0ce0dcfe095d5b5259163a80d3a10d327"},
    {file = "pydantic_core-2.23.4-cp313-cp313-musllinux_1_1_aarch64.whl", hash = "sha256:7d32706badfe136888bdea71c0def994644e09fff0bfe47441deaed8e96fdbc6"},
    {file = "pydantic_core-2.23.4-cp313-cp313-musllinux_1_1_x86_64.whl", hash = "sha256:ed541d70698978a20eb63d8c5d72f2cc6d7079d9d90f6b50bad07826f1320f5f"},
    {file = "pydantic_core-2.23.4-cp313-none-win32.whl", hash = "sha256:3d5639516376dce1940ea36edf408c554475369f5da2abd45d44621cb616f769"},
    {file = "pydantic_core-2.23.4-cp313-none-win_amd64.whl", hash = "sha256:5a1504ad17ba4210df3a045132a7baeeba5a200e930f57512ee02909fc5c4cb5"},
    {file = "pydantic_core-2.23.4-cp38-cp38-macosx_10_12_x86_64.whl", hash = "sha256:d4488a93b071c04dc20f5cecc3631fc78b9789dd72483ba15d423b5b3689b555"},
    {file = "pydantic_core-2.23.4-cp38-cp38-macosx_11_0_arm64.whl", hash = "sha256:81965a16b675b35e1d09dd14df53f190f9129c0202356ed44ab2728b1c905658"},
    {file = "pydantic_core-2.23.4-cp38-cp38-manylinux_2_17_aarch64.manylinux2014_aarch64.whl", hash = "sha256:4ffa2ebd4c8530079140dd2d7f794a9d9a73cbb8e9d59ffe24c63436efa8f271"},
    {file = "pydantic_core-2.23.4-cp38-cp38-manylinux_2_17_armv7l.manylinux2014_armv7l.whl", hash = "sha256:61817945f2fe7d166e75fbfb28004034b48e44878177fc54d81688e7b85a3665"},
    {file = "pydantic_core-2.23.4-cp38-cp38-manylinux_2_17_ppc64le.manylinux2014_ppc64le.whl", hash = "sha256:29d2c342c4bc01b88402d60189f3df065fb0dda3654744d5a165a5288a657368"},
    {file = "pydantic_core-2.23.4-cp38-cp38-manylinux_2_17_s390x.manylinux2014_s390x.whl", hash = "sha256:5e11661ce0fd30a6790e8bcdf263b9ec5988e95e63cf901972107efc49218b13"},
    {file = "pydantic_core-2.23.4-cp38-cp38-manylinux_2_17_x86_64.manylinux2014_x86_64.whl", hash = "sha256:9d18368b137c6295db49ce7218b1a9ba15c5bc254c96d7c9f9e924a9bc7825ad"},
    {file = "pydantic_core-2.23.4-cp38-cp38-manylinux_2_5_i686.manylinux1_i686.whl", hash = "sha256:ec4e55f79b1c4ffb2eecd8a0cfba9955a2588497d96851f4c8f99aa4a1d39b12"},
    {file = "pydantic_core-2.23.4-cp38-cp38-musllinux_1_1_aarch64.whl", hash = "sha256:374a5e5049eda9e0a44c696c7ade3ff355f06b1fe0bb945ea3cac2bc336478a2"},
    {file = "pydantic_core-2.23.4-cp38-cp38-musllinux_1_1_x86_64.whl", hash = "sha256:5c364564d17da23db1106787675fc7af45f2f7b58b4173bfdd105564e132e6fb"},
    {file = "pydantic_core-2.23.4-cp38-none-win32.whl", hash = "sha256:d7a80d21d613eec45e3d41eb22f8f94ddc758a6c4720842dc74c0581f54993d6"},
    {file = "pydantic_core-2.23.4-cp38-none-win_amd64.whl", hash = "sha256:5f5ff8d839f4566a474a969508fe1c5e59c31c80d9e140566f9a37bba7b8d556"},
    {file = "pydantic_core-2.23.4-cp39-cp39-macosx_10_12_x86_64.whl", hash = "sha256:a4fa4fc04dff799089689f4fd502ce7d59de529fc2f40a2c8836886c03e0175a"},
    {file = "pydantic_core-2.23.4-cp39-cp39-macosx_11_0_arm64.whl", hash = "sha256:0a7df63886be5e270da67e0966cf4afbae86069501d35c8c1b3b6c168f42cb36"},
    {file = "pydantic_core-2.23.4-cp39-cp39-manylinux_2_17_aarch64.manylinux2014_aarch64.whl", hash = "sha256:dcedcd19a557e182628afa1d553c3895a9f825b936415d0dbd3cd0bbcfd29b4b"},
    {file = "pydantic_core-2.23.4-cp39-cp39-manylinux_2_17_armv7l.manylinux2014_armv7l.whl", hash = "sha256:5f54b118ce5de9ac21c363d9b3caa6c800341e8c47a508787e5868c6b79c9323"},
    {file = "pydantic_core-2.23.4-cp39-cp39-manylinux_2_17_ppc64le.manylinux2014_ppc64le.whl", hash = "sha256:86d2f57d3e1379a9525c5ab067b27dbb8a0642fb5d454e17a9ac434f9ce523e3"},
    {file = "pydantic_core-2.23.4-cp39-cp39-manylinux_2_17_s390x.manylinux2014_s390x.whl", hash = "sha256:de6d1d1b9e5101508cb37ab0d972357cac5235f5c6533d1071964c47139257df"},
    {file = "pydantic_core-2.23.4-cp39-cp39-manylinux_2_17_x86_64.manylinux2014_x86_64.whl", hash = "sha256:1278e0d324f6908e872730c9102b0112477a7f7cf88b308e4fc36ce1bdb6d58c"},
    {file = "pydantic_core-2.23.4-cp39-cp39-manylinux_2_5_i686.manylinux1_i686.whl", hash = "sha256:9a6b5099eeec78827553827f4c6b8615978bb4b6a88e5d9b93eddf8bb6790f55"},
    {file = "pydantic_core-2.23.4-cp39-cp39-musllinux_1_1_aarch64.whl", hash = "sha256:e55541f756f9b3ee346b840103f32779c695a19826a4c442b7954550a0972040"},
    {file = "pydantic_core-2.23.4-cp39-cp39-musllinux_1_1_x86_64.whl", hash = "sha256:a5c7ba8ffb6d6f8f2ab08743be203654bb1aaa8c9dcb09f82ddd34eadb695605"},
    {file = "pydantic_core-2.23.4-cp39-none-win32.whl", hash = "sha256:37b0fe330e4a58d3c58b24d91d1eb102aeec675a3db4c292ec3928ecd892a9a6"},
    {file = "pydantic_core-2.23.4-cp39-none-win_amd64.whl", hash = "sha256:1498bec4c05c9c787bde9125cfdcc63a41004ff167f495063191b863399b1a29"},
    {file = "pydantic_core-2.23.4-pp310-pypy310_pp73-macosx_10_12_x86_64.whl", hash = "sha256:f455ee30a9d61d3e1a15abd5068827773d6e4dc513e795f380cdd59932c782d5"},
    {file = "pydantic_core-2.23.4-pp310-pypy310_pp73-macosx_11_0_arm64.whl", hash = "sha256:1e90d2e3bd2c3863d48525d297cd143fe541be8bbf6f579504b9712cb6b643ec"},
    {file = "pydantic_core-2.23.4-pp310-pypy310_pp73-manylinux_2_17_aarch64.manylinux2014_aarch64.whl", hash = "sha256:2e203fdf807ac7e12ab59ca2bfcabb38c7cf0b33c41efeb00f8e5da1d86af480"},
    {file = "pydantic_core-2.23.4-pp310-pypy310_pp73-manylinux_2_17_x86_64.manylinux2014_x86_64.whl", hash = "sha256:e08277a400de01bc72436a0ccd02bdf596631411f592ad985dcee21445bd0068"},
    {file = "pydantic_core-2.23.4-pp310-pypy310_pp73-manylinux_2_5_i686.manylinux1_i686.whl", hash = "sha256:f220b0eea5965dec25480b6333c788fb72ce5f9129e8759ef876a1d805d00801"},
    {file = "pydantic_core-2.23.4-pp310-pypy310_pp73-musllinux_1_1_aarch64.whl", hash = "sha256:d06b0c8da4f16d1d1e352134427cb194a0a6e19ad5db9161bf32b2113409e728"},
    {file = "pydantic_core-2.23.4-pp310-pypy310_pp73-musllinux_1_1_x86_64.whl", hash = "sha256:ba1a0996f6c2773bd83e63f18914c1de3c9dd26d55f4ac302a7efe93fb8e7433"},
    {file = "pydantic_core-2.23.4-pp310-pypy310_pp73-win_amd64.whl", hash = "sha256:9a5bce9d23aac8f0cf0836ecfc033896aa8443b501c58d0602dbfd5bd5b37753"},
    {file = "pydantic_core-2.23.4-pp39-pypy39_pp73-macosx_10_12_x86_64.whl", hash = "sha256:78ddaaa81421a29574a682b3179d4cf9e6d405a09b99d93ddcf7e5239c742e21"},
    {file = "pydantic_core-2.23.4-pp39-pypy39_pp73-macosx_11_0_arm64.whl", hash = "sha256:883a91b5dd7d26492ff2f04f40fbb652de40fcc0afe07e8129e8ae779c2110eb"},
    {file = "pydantic_core-2.23.4-pp39-pypy39_pp73-manylinux_2_17_aarch64.manylinux2014_aarch64.whl", hash = "sha256:88ad334a15b32a791ea935af224b9de1bf99bcd62fabf745d5f3442199d86d59"},
    {file = "pydantic_core-2.23.4-pp39-pypy39_pp73-manylinux_2_17_x86_64.manylinux2014_x86_64.whl", hash = "sha256:233710f069d251feb12a56da21e14cca67994eab08362207785cf8c598e74577"},
    {file = "pydantic_core-2.23.4-pp39-pypy39_pp73-manylinux_2_5_i686.manylinux1_i686.whl", hash = "sha256:19442362866a753485ba5e4be408964644dd6a09123d9416c54cd49171f50744"},
    {file = "pydantic_core-2.23.4-pp39-pypy39_pp73-musllinux_1_1_aarch64.whl", hash = "sha256:624e278a7d29b6445e4e813af92af37820fafb6dcc55c012c834f9e26f9aaaef"},
    {file = "pydantic_core-2.23.4-pp39-pypy39_pp73-musllinux_1_1_x86_64.whl", hash = "sha256:f5ef8f42bec47f21d07668a043f077d507e5bf4e668d5c6dfe6aaba89de1a5b8"},
    {file = "pydantic_core-2.23.4-pp39-pypy39_pp73-win_amd64.whl", hash = "sha256:aea443fffa9fbe3af1a9ba721a87f926fe548d32cab71d188a6ede77d0ff244e"},
    {file = "pydantic_core-2.23.4.tar.gz", hash = "sha256:2584f7cf844ac4d970fba483a717dbe10c1c1c96a969bf65d61ffe94df1b2863"},
]

[package.dependencies]
typing-extensions = ">=4.6.0,<4.7.0 || >4.7.0"

[package.source]
type = "legacy"
url = "https://pypi.tuna.tsinghua.edu.cn/simple"
reference = "tsinghua"

[[package]]
name = "pytest"
version = "8.3.3"
description = "pytest: simple powerful testing with Python"
optional = false
python-versions = ">=3.8"
files = [
    {file = "pytest-8.3.3-py3-none-any.whl", hash = "sha256:a6853c7375b2663155079443d2e45de913a911a11d669df02a50814944db57b2"},
    {file = "pytest-8.3.3.tar.gz", hash = "sha256:70b98107bd648308a7952b06e6ca9a50bc660be218d53c257cc1fc94fda10181"},
]

[package.dependencies]
colorama = {version = "*", markers = "sys_platform == \"win32\""}
exceptiongroup = {version = ">=1.0.0rc8", markers = "python_version < \"3.11\""}
iniconfig = "*"
packaging = "*"
pluggy = ">=1.5,<2"
tomli = {version = ">=1", markers = "python_version < \"3.11\""}

[package.extras]
dev = ["argcomplete", "attrs (>=19.2)", "hypothesis (>=3.56)", "mock", "pygments (>=2.7.2)", "requests", "setuptools", "xmlschema"]

[package.source]
type = "legacy"
url = "https://pypi.tuna.tsinghua.edu.cn/simple"
reference = "tsinghua"

[[package]]
name = "pytest-cov"
version = "6.0.0"
description = "Pytest plugin for measuring coverage."
optional = false
python-versions = ">=3.9"
files = [
    {file = "pytest-cov-6.0.0.tar.gz", hash = "sha256:fde0b595ca248bb8e2d76f020b465f3b107c9632e6a1d1705f17834c89dcadc0"},
    {file = "pytest_cov-6.0.0-py3-none-any.whl", hash = "sha256:eee6f1b9e61008bd34975a4d5bab25801eb31898b032dd55addc93e96fcaaa35"},
]

[package.dependencies]
coverage = {version = ">=7.5", extras = ["toml"]}
pytest = ">=4.6"

[package.extras]
testing = ["fields", "hunter", "process-tests", "pytest-xdist", "virtualenv"]

[package.source]
type = "legacy"
url = "https://pypi.tuna.tsinghua.edu.cn/simple"
reference = "tsinghua"

[[package]]
name = "pytest-md"
version = "0.2.0"
description = "Plugin for generating Markdown reports for pytest results"
optional = false
python-versions = ">=3.6"
files = [
    {file = "pytest-md-0.2.0.tar.gz", hash = "sha256:3b248d5b360ea5198e05b4f49c7442234812809a63137ec6cdd3643a40cf0112"},
    {file = "pytest_md-0.2.0-py3-none-any.whl", hash = "sha256:4c4cd16fea6d1485e87ee254558712c804a96d2aa9674b780e7eb8fb6526e1d1"},
]

[package.dependencies]
pytest = ">=4.2.1"

[package.source]
type = "legacy"
url = "https://pypi.tuna.tsinghua.edu.cn/simple"
reference = "tsinghua"

[[package]]
name = "tomli"
version = "2.1.0"
description = "A lil' TOML parser"
optional = false
python-versions = ">=3.8"
files = [
    {file = "tomli-2.1.0-py3-none-any.whl", hash = "sha256:a5c57c3d1c56f5ccdf89f6523458f60ef716e210fc47c4cfb188c5ba473e0391"},
    {file = "tomli-2.1.0.tar.gz", hash = "sha256:3f646cae2aec94e17d04973e4249548320197cfabdf130015d023de4b74d8ab8"},
]

[package.source]
type = "legacy"
url = "https://pypi.tuna.tsinghua.edu.cn/simple"
reference = "tsinghua"

[[package]]
name = "typing-extensions"
version = "4.12.2"
description = "Backported and Experimental Type Hints for Python 3.8+"
optional = false
python-versions = ">=3.8"
files = [
    {file = "typing_extensions-4.12.2-py3-none-any.whl", hash = "sha256:04e5ca0351e0f3f85c6853954072df659d0d13fac324d0072316b67d7794700d"},
    {file = "typing_extensions-4.12.2.tar.gz", hash = "sha256:1a7ead55c7e559dd4dee8856e3a88b41225abfe1ce8df57b7c13915fe121ffb8"},
]

[package.source]
type = "legacy"
url = "https://pypi.tuna.tsinghua.edu.cn/simple"
reference = "tsinghua"

[metadata]
lock-version = "2.0"
python-versions = "^3.9"
content-hash = "b5d36748eeaeb04ded544fd4992e7a16a4b33efbd4099390b93965543e502631"
